
Microsoft Visual Studio Solution File, Format Version 12.00
# Visual Studio Version 16
VisualStudioVersion = 16.0.30128.74
MinimumVisualStudioVersion = 10.0.40219.1
Project("{9A19103F-16F7-4668-BE54-9A1E7A4F7556}") = "MarsRover", "MarsRover\MarsRover.csproj", "{540C5D76-674E-4094-839C-5003A0D2AC17}"
EndProject
Project("{FAE04EC0-301F-11D3-BF4B-00C04F79EFBC}") = "MarsRover.Tests", "MarsRover.Tests\MarsRover.Tests.csproj", "{ABF86B63-E0EF-4A94-B439-FBAED48F6456}"
EndProject
Global
	GlobalSection(SolutionConfigurationPlatforms) = preSolution
		Debug|Any CPU = Debug|Any CPU
		Release|Any CPU = Release|Any CPU
	EndGlobalSection
	GlobalSection(ProjectConfigurationPlatforms) = postSolution
		{540C5D76-674E-4094-839C-5003A0D2AC17}.Debug|Any CPU.ActiveCfg = Debug|Any CPU
		{540C5D76-674E-4094-839C-5003A0D2AC17}.Debug|Any CPU.Build.0 = Debug|Any CPU
		{540C5D76-674E-4094-839C-5003A0D2AC17}.Release|Any CPU.ActiveCfg = Release|Any CPU
		{540C5D76-674E-4094-839C-5003A0D2AC17}.Release|Any CPU.Build.0 = Release|Any CPU
		{ABF86B63-E0EF-4A94-B439-FBAED48F6456}.Debug|Any CPU.ActiveCfg = Debug|Any CPU
		{ABF86B63-E0EF-4A94-B439-FBAED48F6456}.Debug|Any CPU.Build.0 = Debug|Any CPU
		{ABF86B63-E0EF-4A94-B439-FBAED48F6456}.Release|Any CPU.ActiveCfg = Release|Any CPU
		{ABF86B63-E0EF-4A94-B439-FBAED48F6456}.Release|Any CPU.Build.0 = Release|Any CPU
	EndGlobalSection
	GlobalSection(SolutionProperties) = preSolution
		HideSolutionNode = FALSE
	EndGlobalSection
	GlobalSection(ExtensibilityGlobals) = postSolution
		SolutionGuid = {8E6A3343-00B6-493C-B6E6-F58AB4C08C76}
	EndGlobalSection
EndGlobal
